# Generated by pub
# See https://dart.dev/tools/pub/glossary#lockfile
packages:
  _fe_analyzer_shared:
    dependency: transitive
    description:
      name: _fe_analyzer_shared
      sha256: "4d2a2c7f5e6db6acd2f4a7f713b308b45668c9573a11d0eda10936fb21fc5467"
      url: "https://pub.flutter-io.cn"
    source: hosted
    version: "14.0.0"
  analyzer:
    dependency: transitive
    description:
      name: analyzer
      sha256: "9fe5033adc3e8b19884e5ba296400be3794483acb53c2b68f8683744c9a7a9c7"
      url: "https://pub.flutter-io.cn"
    source: hosted
    version: "0.41.2"
  animations:
    dependency: "direct main"
    description:
      name: animations
      sha256: "1344704523bf3dfdfc2c9816ab58e61542fc1d3e0120e0b7b39f47b98b3b287c"
      url: "https://pub.flutter-io.cn"
    source: hosted
    version: "1.1.2"
  args:
    dependency: transitive
    description:
      name: args
      sha256: eef6c46b622e0494a36c5a12d10d77fb4e855501a91c1b9ef9339326e58f0596
      url: "https://pub.flutter-io.cn"
    source: hosted
    version: "2.4.2"
  async:
    dependency: transitive
    description:
      name: async
      sha256: bfe67ef28df125b7dddcea62755991f807aa39a2492a23e1550161692950bbe0
      url: "https://pub.flutter-io.cn"
    source: hosted
    version: "2.10.0"
  boolean_selector:
    dependency: transitive
    description:
      name: boolean_selector
      sha256: "6cfb5af12253eaf2b368f07bacc5a80d1301a071c73360d746b7f2e32d762c66"
      url: "https://pub.flutter-io.cn"
    source: hosted
    version: "2.1.1"
  build:
    dependency: transitive
    description:
      name: build
      sha256: e2cb6d6becb0ee2e3adfdecf4f1c4016bcfed589a3e5f6a4afff7384cf6c25c4
      url: "https://pub.flutter-io.cn"
    source: hosted
    version: "1.6.2"
  build_config:
    dependency: transitive
    description:
      name: build_config
      sha256: "9e5aa739e28154fc8b5c483ab54ad861759529ec455f8636106166ad0e5ab1b8"
      url: "https://pub.flutter-io.cn"
    source: hosted
    version: "0.4.5"
  build_daemon:
    dependency: transitive
    description:
      name: build_daemon
      sha256: "02d9e94f2b7f6e4de0f0cd24dc9e2cd0c00fec082265ca89d3b32282cb7381bc"
      url: "https://pub.flutter-io.cn"
    source: hosted
    version: "2.1.10"
  build_resolvers:
    dependency: transitive
    description:
      name: build_resolvers
      sha256: f11143f4a009ba43e4acb2bb78e72bf8cee8950bb102bd2a9141b0bab5332143
      url: "https://pub.flutter-io.cn"
    source: hosted
    version: "1.5.3"
  build_runner:
    dependency: "direct dev"
    description:
      name: build_runner
      sha256: "570961f7ba6998a12e20f09176c6b287440176f834c31e2a1b07b919302e9880"
      url: "https://pub.flutter-io.cn"
    source: hosted
    version: "1.11.1+1"
  build_runner_core:
    dependency: transitive
    description:
      name: build_runner_core
      sha256: "5922763d4501c59f46d0aec8fcd344cbe5e90bcd27e4237f630199968561664b"
      url: "https://pub.flutter-io.cn"
    source: hosted
    version: "6.1.7"
  built_collection:
    dependency: transitive
    description:
      name: built_collection
      sha256: "376e3dd27b51ea877c28d525560790aee2e6fbb5f20e2f85d5081027d94e2100"
      url: "https://pub.flutter-io.cn"
    source: hosted
    version: "5.1.1"
  built_value:
    dependency: transitive
    description:
      name: built_value
      sha256: "69acb7007eb2a31dc901512bfe0f7b767168be34cb734835d54c070bfa74c1b2"
      url: "https://pub.flutter-io.cn"
    source: hosted
    version: "8.8.0"
  characters:
    dependency: transitive
    description:
      name: characters
      sha256: e6a326c8af69605aec75ed6c187d06b349707a27fbff8222ca9cc2cff167975c
      url: "https://pub.flutter-io.cn"
    source: hosted
    version: "1.2.1"
  charcode:
    dependency: transitive
    description:
      name: charcode
      sha256: fb98c0f6d12c920a02ee2d998da788bca066ca5f148492b7085ee23372b12306
      url: "https://pub.flutter-io.cn"
    source: hosted
    version: "1.3.1"
  checked_yaml:
    dependency: transitive
    description:
      name: checked_yaml
      sha256: d051b31d88264beeeef1fa971f19d9a1d614b157bc60dad5b3b360f996e48656
      url: "https://pub.flutter-io.cn"
    source: hosted
    version: "1.0.4"
  cli_util:
    dependency: transitive
    description:
      name: cli_util
      sha256: "66f86e916d285c1a93d3b79587d94bd71984a66aac4ff74e524cfa7877f1395c"
      url: "https://pub.flutter-io.cn"
    source: hosted
    version: "0.3.5"
  clock:
    dependency: transitive
    description:
      name: clock
      sha256: cb6d7f03e1de671e34607e909a7213e31d7752be4fb66a86d29fe1eb14bfb5cf
      url: "https://pub.flutter-io.cn"
    source: hosted
    version: "1.1.1"
  code_builder:
    dependency: transitive
    description:
      name: code_builder
      sha256: "48ae73ba8dbf1923de91e0fd65736148f63f6c6fb0925bdda05c1df0298c55e1"
      url: "https://pub.flutter-io.cn"
    source: hosted
    version: "3.7.0"
  collection:
    dependency: transitive
    description:
      name: collection
      sha256: cfc915e6923fe5ce6e153b0723c753045de46de1b4d63771530504004a45fae0
      url: "https://pub.flutter-io.cn"
    source: hosted
    version: "1.17.0"
  convert:
    dependency: transitive
    description:
      name: convert
      sha256: "3fa83bc417e26f1d55814443a603747d48e3cdf55b2f4fea27dea8e9224dcefd"
      url: "https://pub.flutter-io.cn"
    source: hosted
    version: "2.1.1"
  crypto:
    dependency: transitive
    description:
      name: crypto
      sha256: "3ce628f3c6a7144be6c524dbb20ca5af52fa59c850c587bf5e52cd70ece8e7e8"
      url: "https://pub.flutter-io.cn"
    source: hosted
    version: "2.1.5"
  cupertino_icons:
    dependency: "direct main"
    description:
      name: cupertino_icons
      sha256: a937da4c006989739ceb4d10e3bd6cce64ca85d0fe287fc5b2b9f6ee757dcee6
      url: "https://pub.flutter-io.cn"
    source: hosted
    version: "0.1.3"
  dart_style:
    dependency: transitive
    description:
      name: dart_style
      sha256: d54208b00d826e28e7c94be1a7e06312c3f58587424ad00616569ab09106c5a0
      url: "https://pub.flutter-io.cn"
    source: hosted
    version: "1.3.12"
  dio:
    dependency: "direct main"
    description:
      name: dio
      sha256: "11979099d9ea182d74b6734340704d628b99c7a8316f9edd7718a297d1bcdd27"
      url: "https://pub.flutter-io.cn"
    source: hosted
    version: "3.0.10"
  dio_http_cache:
    dependency: "direct main"
    description:
      name: dio_http_cache
      sha256: "9ac4615d1ce8b677b95d60f156be66555b4d1439da4c187ca05f040f8c328d13"
      url: "https://pub.flutter-io.cn"
    source: hosted
    version: "0.2.11"
  fake_async:
    dependency: transitive
    description:
      name: fake_async
      sha256: "511392330127add0b769b75a987850d136345d9227c6b94c96a04cf4a391bf78"
      url: "https://pub.flutter-io.cn"
    source: hosted
    version: "1.3.1"
  ffi:
    dependency: transitive
    description:
      name: ffi
      sha256: "13a6ccf6a459a125b3fcdb6ec73bd5ff90822e071207c663bfd1f70062d51d18"
      url: "https://pub.flutter-io.cn"
    source: hosted
    version: "1.2.1"
  fish_redux:
    dependency: "direct main"
    description:
      name: fish_redux
      sha256: ae351ce073779f5ff0727fa49d99f6061938708c93d54a72592b5a9bce5858d0
      url: "https://pub.flutter-io.cn"
    source: hosted
    version: "0.3.8"
  fixnum:
    dependency: transitive
    description:
      name: fixnum
      sha256: "25517a4deb0c03aa0f32fd12db525856438902d9c16536311e76cdc57b31d7d1"
      url: "https://pub.flutter-io.cn"
    source: hosted
    version: "1.1.0"
  flutter:
    dependency: "direct main"
    description: flutter
    source: sdk
    version: "0.0.0"
  flutter_page_indicator:
    dependency: transitive
    description:
      name: flutter_page_indicator
      sha256: a5b2992228c2827b69faed3977681a3f5c313c7f13d72272decbb2923d1d7176
      url: "https://pub.flutter-io.cn"
    source: hosted
    version: "0.0.3"
  flutter_screenutil:
    dependency: "direct main"
    description:
      name: flutter_screenutil
      sha256: f4b3f33c41512297be0c38962db4299efe7d5f95e30e4882ac4f59f3e449742a
      url: "https://pub.flutter-io.cn"
    source: hosted
    version: "0.5.3"
  flutter_slidable:
    dependency: "direct main"
    description:
      name: flutter_slidable
      sha256: dbf3673590a4231ca6b288ec759f99ae3534bcabca9f5b571e223f62ce627c37
      url: "https://pub.flutter-io.cn"
    source: hosted
    version: "0.5.7"
  flutter_swiper:
    dependency: "direct main"
    description:
      name: flutter_swiper
      sha256: e52a0e894abfa4099a5d4e5098a00597f3b55e25617cdd19e6fe6be5d24858c7
      url: "https://pub.flutter-io.cn"
    source: hosted
    version: "1.1.6"
  flutter_test:
    dependency: "direct dev"
    description: flutter
    source: sdk
    version: "0.0.0"
  flutter_web_plugins:
    dependency: transitive
    description: flutter
    source: sdk
    version: "0.0.0"
  glob:
    dependency: transitive
    description:
      name: glob
      sha256: f699efc018c8783b7955c74c13b1952811feb38fb6fe13f9546752a6573dde5f
      url: "https://pub.flutter-io.cn"
    source: hosted
    version: "1.2.1"
  graphs:
    dependency: transitive
    description:
      name: graphs
      sha256: db4e50f399d69bf7349d4e99e8dabd74fad51c0574f36b8d3613ef465715af52
      url: "https://pub.flutter-io.cn"
    source: hosted
    version: "0.2.0"
  http_multi_server:
    dependency: transitive
    description:
      name: http_multi_server
      sha256: "90daef58b775dc37bc409f4053763503f6544f6af7c910d2c2a7f1946554e5e5"
      url: "https://pub.flutter-io.cn"
    source: hosted
    version: "2.2.0"
  http_parser:
    dependency: transitive
    description:
      name: http_parser
      sha256: "9d2b0626e9e402fc98e6868360da8f256064d6c0b8e4c3edcca5e02fb0b95da9"
      url: "https://pub.flutter-io.cn"
    source: hosted
    version: "3.1.4"
  io:
    dependency: transitive
    description:
      name: io
      sha256: "9148a33dc8fa396d4fc434625fa606744fa42b2e8dfff5ce5609938cd01aecea"
      url: "https://pub.flutter-io.cn"
    source: hosted
    version: "0.3.5"
  js:
    dependency: transitive
    description:
      name: js
      sha256: "5528c2f391ededb7775ec1daa69e65a2d61276f7552de2b5f7b8d34ee9fd4ab7"
      url: "https://pub.flutter-io.cn"
    source: hosted
    version: "0.6.5"
  json_annotation:
    dependency: "direct main"
    description:
      name: json_annotation
      sha256: "6cec7404b25d6338c8cb7b30131cd6c760079a4ec1fa7846c55bdda91f9d2819"
      url: "https://pub.flutter-io.cn"
    source: hosted
    version: "3.1.1"
  json_serializable:
    dependency: "direct dev"
    description:
      name: json_serializable
      sha256: "0f9e72745b7a48d2751e4913f81f423525d97657c4bf3e0983d9af989771bf71"
      url: "https://pub.flutter-io.cn"
    source: hosted
    version: "3.5.2"
  logging:
    dependency: transitive
    description:
      name: logging
      sha256: "623a88c9594aa774443aa3eb2d41807a48486b5613e67599fb4c41c0ad47c340"
      url: "https://pub.flutter-io.cn"
    source: hosted
    version: "1.2.0"
  matcher:
    dependency: transitive
    description:
      name: matcher
      sha256: "16db949ceee371e9b99d22f88fa3a73c4e59fd0afed0bd25fc336eb76c198b72"
      url: "https://pub.flutter-io.cn"
    source: hosted
    version: "0.12.13"
  material_color_utilities:
    dependency: transitive
    description:
      name: material_color_utilities
      sha256: d92141dc6fe1dad30722f9aa826c7fbc896d021d792f80678280601aff8cf724
      url: "https://pub.flutter-io.cn"
    source: hosted
    version: "0.2.0"
  meta:
    dependency: transitive
    description:
      name: meta
      sha256: "6c268b42ed578a53088d834796959e4a1814b5e9e164f147f580a386e5decf42"
      url: "https://pub.flutter-io.cn"
    source: hosted
    version: "1.8.0"
  mime:
    dependency: transitive
    description:
      name: mime
      sha256: e4ff8e8564c03f255408decd16e7899da1733852a9110a58fe6d1b817684a63e
      url: "https://pub.flutter-io.cn"
    source: hosted
    version: "1.0.4"
  node_interop:
    dependency: transitive
    description:
      name: node_interop
      sha256: "910d75f8589630cd197b8b7ec70e648bc380950b489b07bda1da0c5b20c4b8c1"
      url: "https://pub.flutter-io.cn"
    source: hosted
    version: "1.2.1"
  node_io:
    dependency: transitive
    description:
      name: node_io
      sha256: dd801d4b02543ac44af8869577a0a8a51bd92a886c4f8057664dd2514ef17b73
      url: "https://pub.flutter-io.cn"
    source: hosted
    version: "1.1.1"
  open_file:
    dependency: "direct main"
    description:
      name: open_file
      sha256: "5cd0288033d613ee7908aa974b7ff00805ae55d253f64d311603cf2e30613ca8"
      url: "https://pub.flutter-io.cn"
    source: hosted
    version: "3.2.1"
  package_config:
    dependency: transitive
    description:
      name: package_config
      sha256: "08b3acb5f8c9736aaf26776864ea68441bb69a82d900cbce47cd962b3ddb12c9"
      url: "https://pub.flutter-io.cn"
    source: hosted
    version: "1.9.3"
  package_info:
    dependency: "direct main"
    description:
      name: package_info
      sha256: "131eac71f589d1f7c52794ebf300bfc0a52c88ea26a0c89f2bbd90935774b7d6"
      url: "https://pub.flutter-io.cn"
    source: hosted
    version: "0.4.3+4"
  path:
    dependency: transitive
    description:
      name: path
      sha256: db9d4f58c908a4ba5953fcee2ae317c94889433e5024c27ce74a37f94267945b
      url: "https://pub.flutter-io.cn"
    source: hosted
    version: "1.8.2"
  path_provider:
    dependency: "direct main"
    description:
      name: path_provider
      sha256: "2587a4ee67916009d0ae9d13cdd6c7dfab8cf52eea3b211bc15d2f12d11f0c37"
      url: "https://pub.flutter-io.cn"
    source: hosted
    version: "1.6.9"
  path_provider_macos:
    dependency: transitive
    description:
      name: path_provider_macos
      sha256: "4dd2f608f51cb62c1e76c4434c89cc98c010345d315e79d8cb4f41ebcac3c119"
      url: "https://pub.flutter-io.cn"
    source: hosted
    version: "0.0.4+8"
  path_provider_platform_interface:
    dependency: transitive
    description:
      name: path_provider_platform_interface
      sha256: e06b2d369e0eb863cf0c4876d0fb6943846876f7e51b2752059a5c6b05bf5354
      url: "https://pub.flutter-io.cn"
    source: hosted
    version: "1.0.4"
  pedantic:
    dependency: transitive
    description:
      name: pedantic
      sha256: "67fc27ed9639506c856c840ccce7594d0bdcd91bc8d53d6e52359449a1d50602"
      url: "https://pub.flutter-io.cn"
    source: hosted
    version: "1.11.1"
  platform:
    dependency: "direct main"
    description:
      name: platform
      sha256: "0a279f0707af40c890e80b1e9df8bb761694c074ba7e1d4ab1bc4b728e200b59"
      url: "https://pub.flutter-io.cn"
    source: hosted
    version: "3.1.3"
  plugin_platform_interface:
    dependency: transitive
    description:
      name: plugin_platform_interface
      sha256: c3ebbff365bfb1b5f7b690c9857d2dabea167f35b05eb7586186499b407efb37
      url: "https://pub.flutter-io.cn"
    source: hosted
    version: "1.0.3"
  pool:
    dependency: transitive
    description:
      name: pool
      sha256: "20fe868b6314b322ea036ba325e6fc0711a22948856475e2c2b6306e8ab39c2a"
      url: "https://pub.flutter-io.cn"
    source: hosted
    version: "1.5.1"
  pub_semver:
    dependency: transitive
    description:
      name: pub_semver
      sha256: "40d3ab1bbd474c4c2328c91e3a7df8c6dd629b79ece4c4bd04bee496a224fb0c"
      url: "https://pub.flutter-io.cn"
    source: hosted
    version: "2.1.4"
  pubspec_parse:
    dependency: transitive
    description:
      name: pubspec_parse
      sha256: d65b4c44175a6882692fae384be22c3eed8b9235bb758d8984b11fec55848b8c
      url: "https://pub.flutter-io.cn"
    source: hosted
    version: "0.1.8"
  quiver:
    dependency: transitive
    description:
      name: quiver
      sha256: e83f7ad1e6375da1400b54eea8793bba804d1731d68c5694490bf9296cd3ca24
      url: "https://pub.flutter-io.cn"
    source: hosted
    version: "2.1.5"
  rxdart:
    dependency: "direct main"
    description:
      name: rxdart
      sha256: "79022a7d6ab5f7d00458ed74c121a75f38c88b1b3fa4bb053f23110b7a2e1241"
      url: "https://pub.flutter-io.cn"
    source: hosted
    version: "0.22.6"
  shared_preferences:
    dependency: "direct main"
    description:
      name: shared_preferences
      sha256: "08d8df06bf32ab574b6dee0b09f6df7e37a04022b5660492c3993efc38b46d97"
      url: "https://pub.flutter-io.cn"
    source: hosted
    version: "0.5.7+3"
  shared_preferences_macos:
    dependency: transitive
    description:
      name: shared_preferences_macos
      sha256: "1e66de5365055e1c7a47ea10d77bcc96330041f168bbbdf7a2bfdd4381667901"
      url: "https://pub.flutter-io.cn"
    source: hosted
    version: "0.0.1+11"
  shared_preferences_platform_interface:
    dependency: transitive
    description:
      name: shared_preferences_platform_interface
      sha256: "10958ff09d5b0caaf199fdc436b3433cb9f7491e5f71e4b3d98b451edfee34f4"
      url: "https://pub.flutter-io.cn"
    source: hosted
    version: "1.0.4"
  shared_preferences_web:
    dependency: transitive
    description:
      name: shared_preferences_web
      sha256: "345b8f659aa4aedaabc3665a63f563c62b08dc209dd23304bc155d69ebcd388d"
      url: "https://pub.flutter-io.cn"
    source: hosted
    version: "0.1.2+7"
  shelf:
    dependency: transitive
    description:
      name: shelf
      sha256: d16d1197f877e814f767be03c1c5940a397ae0ddb46dcfb9b5465074bb80ee37
      url: "https://pub.flutter-io.cn"
    source: hosted
    version: "0.7.9"
  shelf_web_socket:
    dependency: transitive
    description:
      name: shelf_web_socket
      sha256: "2a300f6dd3d4a6d41941eef97920671ecd250712ce1275bf60110997691b20d1"
      url: "https://pub.flutter-io.cn"
    source: hosted
    version: "0.2.4+1"
  sky_engine:
    dependency: transitive
    description: flutter
    source: sdk
    version: "0.0.99"
  source_gen:
    dependency: transitive
    description:
      name: source_gen
      sha256: "0359bf4f1c924ccacb89594b0e077d524a5ced4f39f138a4f3099f0915674a13"
      url: "https://pub.flutter-io.cn"
    source: hosted
    version: "0.9.10+3"
  source_span:
    dependency: transitive
    description:
      name: source_span
      sha256: dd904f795d4b4f3b870833847c461801f6750a9fa8e61ea5ac53f9422b31f250
      url: "https://pub.flutter-io.cn"
    source: hosted
    version: "1.9.1"
  sqflite:
    dependency: "direct main"
    description:
      name: sqflite
      sha256: "00f32a183fd9410b7d221a5106fec2cfc34b72d15ce694ee4da9c12e235cc2a4"
      url: "https://pub.flutter-io.cn"
    source: hosted
    version: "1.3.2+4"
  sqflite_common:
    dependency: transitive
    description:
      name: sqflite_common
      sha256: cd2c3caf1cdfd79bbf5787e3a95983e43d19584784df2e6dd1863673497a791f
      url: "https://pub.flutter-io.cn"
    source: hosted
    version: "1.0.3+3"
  stack_trace:
    dependency: transitive
    description:
      name: stack_trace
      sha256: c3c7d8edb15bee7f0f74debd4b9c5f3c2ea86766fe4178eb2a18eb30a0bdaed5
      url: "https://pub.flutter-io.cn"
    source: hosted
    version: "1.11.0"
  stream_channel:
    dependency: transitive
    description:
      name: stream_channel
      sha256: "83615bee9045c1d322bbbd1ba209b7a749c2cbcdcb3fdd1df8eb488b3279c1c8"
      url: "https://pub.flutter-io.cn"
    source: hosted
    version: "2.1.1"
  stream_transform:
    dependency: transitive
    description:
      name: stream_transform
      sha256: "14a00e794c7c11aa145a170587321aedce29769c08d7f58b1d141da75e3b1c6f"
      url: "https://pub.flutter-io.cn"
    source: hosted
    version: "2.1.0"
  string_scanner:
    dependency: transitive
    description:
      name: string_scanner
      sha256: "556692adab6cfa87322a115640c11f13cb77b3f076ddcc5d6ae3c20242bedcde"
      url: "https://pub.flutter-io.cn"
    source: hosted
    version: "1.2.0"
  synchronized:
    dependency: transitive
    description:
      name: synchronized
      sha256: "294228ee6183405c4053a60e8b47c22956da37c92fd410c89ddf0279c188f735"
      url: "https://pub.flutter-io.cn"
    source: hosted
    version: "2.2.0+2"
  term_glyph:
    dependency: transitive
    description:
      name: term_glyph
      sha256: a29248a84fbb7c79282b40b8c72a1209db169a2e0542bce341da992fe1bc7e84
      url: "https://pub.flutter-io.cn"
    source: hosted
    version: "1.2.1"
  test_api:
    dependency: transitive
    description:
      name: test_api
      sha256: ad540f65f92caa91bf21dfc8ffb8c589d6e4dc0c2267818b4cc2792857706206
      url: "https://pub.flutter-io.cn"
    source: hosted
    version: "0.4.16"
  timing:
    dependency: transitive
    description:
      name: timing
      sha256: "3f88d1d53e39741b541633abb7adf9eaf0efbd418dddcfd71a9ed1561ce2e811"
      url: "https://pub.flutter-io.cn"
    source: hosted
    version: "0.1.1+3"
  toast:
    dependency: "direct main"
    description:
      name: toast
      sha256: bedb96d37030acf9c4c06a7ac2ffd1f1f365e780cda9458c9e24e6a1e1ab6fd9
      url: "https://pub.flutter-io.cn"
    source: hosted
    version: "0.1.5"
  transformer_page_view:
    dependency: transitive
    description:
      name: transformer_page_view
      sha256: "2210531bc4148831061c575070173f32693415be8bbbf5bd2159a38f2adff61c"
      url: "https://pub.flutter-io.cn"
    source: hosted
    version: "0.1.6"
  typed_data:
    dependency: transitive
    description:
      name: typed_data
      sha256: facc8d6582f16042dd49f2463ff1bd6e2c9ef9f3d5da3d9b087e244a7b564b3c
      url: "https://pub.flutter-io.cn"
    source: hosted
    version: "1.3.2"
  url_launcher:
    dependency: "direct main"
    description:
      name: url_launcher
      sha256: e1e0c46fcd777c0f0bd7f4541b747c28ad4e925f93344cebf667ef76c695533a
      url: "https://pub.flutter-io.cn"
    source: hosted
    version: "5.7.10"
  url_launcher_linux:
    dependency: transitive
    description:
      name: url_launcher_linux
      sha256: c489023cdd864a19c0be63bb3796bec21ea4bc16bfe09568953f1828e02151c9
      url: "https://pub.flutter-io.cn"
    source: hosted
    version: "0.0.1+4"
  url_launcher_macos:
    dependency: transitive
    description:
      name: url_launcher_macos
      sha256: be04eac5076414469027ce068c360478c3e56e43205bb7efaaa61cbdd3ba890d
      url: "https://pub.flutter-io.cn"
    source: hosted
    version: "0.0.1+9"
  url_launcher_platform_interface:
    dependency: transitive
    description:
      name: url_launcher_platform_interface
      sha256: c6bd00f46e8c348703d0ae691850eb2052be8e1338dc3ae6f72af53b962da157
      url: "https://pub.flutter-io.cn"
    source: hosted
    version: "1.0.9"
  url_launcher_web:
    dependency: transitive
    description:
      name: url_launcher_web
      sha256: eaa6de8ac353681794533edcedd69dd8b39ed987bf2360d172185eff8283dbc2
      url: "https://pub.flutter-io.cn"
    source: hosted
    version: "0.1.5+3"
  url_launcher_windows:
    dependency: transitive
    description:
      name: url_launcher_windows
      sha256: "034479b1dafd8f01de81267d8117eb5ae019e0dddcc23f4b14ed31253a2635d9"
      url: "https://pub.flutter-io.cn"
    source: hosted
    version: "0.0.1+3"
  vector_math:
    dependency: transitive
    description:
      name: vector_math
      sha256: "80b3257d1492ce4d091729e3a67a60407d227c27241d6927be0130c98e741803"
      url: "https://pub.flutter-io.cn"
    source: hosted
    version: "2.1.4"
  watcher:
    dependency: transitive
    description:
      name: watcher
      sha256: "6a7f46926b01ce81bfc339da6a7f20afbe7733eff9846f6d6a5466aa4c6667c0"
      url: "https://pub.flutter-io.cn"
    source: hosted
    version: "1.0.2"
  web_socket_channel:
    dependency: transitive
    description:
      name: web_socket_channel
      sha256: bfd93faab893a64920903d7d375517c18789c21e4c7daa5232a31ee126b7fea1
      url: "https://pub.flutter-io.cn"
    source: hosted
    version: "1.2.0"
  webview_flutter:
    dependency: "direct main"
    description:
      name: webview_flutter
      sha256: "8efed4e19e345cbd29998b4fbba409e20d0e02e90386c84c5e19a0a8f97cbd0c"
      url: "https://pub.flutter-io.cn"
    source: hosted
    version: "0.3.24"
  yaml:
    dependency: transitive
    description:
      name: yaml
      sha256: "75769501ea3489fca56601ff33454fe45507ea3bfb014161abc3b43ae25989d5"
      url: "https://pub.flutter-io.cn"
    source: hosted
    version: "3.1.2"
sdks:
  dart: ">=2.19.0 <3.0.0"
  flutter: ">=1.22.2"
